
Microsoft Visual Studio Solution File, Format Version 12.00
# Visual Studio Version 16
VisualStudioVersion = 16.0.29728.190
MinimumVisualStudioVersion = 10.0.40219.1
Project("{FAE04EC0-301F-11D3-BF4B-00C04F79EFBC}") = "videly", "videly.csproj", "{D01AB9B2-F27C-4801-9DDE-523CE5D4F498}"
EndProject
Global
	GlobalSection(SolutionConfigurationPlatforms) = preSolution
		Debug|Any CPU = Debug|Any CPU
		Release|Any CPU = Release|Any CPU
	EndGlobalSection
	GlobalSection(ProjectConfigurationPlatforms) = postSolution
		{D01AB9B2-F27C-4801-9DDE-523CE5D4F498}.Debug|Any CPU.ActiveCfg = Debug|Any CPU
		{D01AB9B2-F27C-4801-9DDE-523CE5D4F498}.Debug|Any CPU.Build.0 = Debug|Any CPU
		{D01AB9B2-F27C-4801-9DDE-523CE5D4F498}.Release|Any CPU.ActiveCfg = Release|Any CPU
		{D01AB9B2-F27C-4801-9DDE-523CE5D4F498}.Release|Any CPU.Build.0 = Release|Any CPU
	EndGlobalSection
	GlobalSection(SolutionProperties) = preSolution
		HideSolutionNode = FALSE
	EndGlobalSection
	GlobalSection(ExtensibilityGlobals) = postSolution
		SolutionGuid = {0F48150B-F56B-4622-AC00-F98CE228942D}
	EndGlobalSection
EndGlobal
